PODS:
  - Analytics (0.1.0):
    - ServiceBoard
    - ServiceContracts
  - Main (0.1.0):
    - ServiceBoard
    - ServiceContracts
  - Message (0.1.0):
    - ServiceBoard
    - ServiceContracts/Message
  - ServiceBoard (0.1.0):
    - ServiceContracts
    - Swinject
  - ServiceContracts (0.1.0):
    - ServiceContracts/Main (= 0.1.0)
    - ServiceContracts/Message (= 0.1.0)
  - ServiceContracts/Main (0.1.0)
  - ServiceContracts/Message (0.1.0)
  - Swinject (2.8.1)

DEPENDENCIES:
  - Analytics (from `Packages/Features/Analytics`)
  - Main (from `Packages/Features/Main`)
  - Message (from `Packages/Features/Message`)
  - ServiceBoard (from `Packages/ServiceBoard`)
  - ServiceContracts (from `Packages/Features/ServiceContracts`)
  - Swinject (= 2.8.1)

SPEC REPOS:
  https://github.com/CocoaPods/Specs.git:
    - Swinject

EXTERNAL SOURCES:
  Analytics:
    :path: Packages/Features/Analytics
  Main:
    :path: Packages/Features/Main
  Message:
    :path: Packages/Features/Message
  ServiceBoard:
    :path: Packages/ServiceBoard
  ServiceContracts:
    :path: Packages/Features/ServiceContracts

SPEC CHECKSUMS:
  Analytics: 19ba958599f17ca253fa1ed55c0586d478011ef6
  Main: dd151bbaecadcd398d407f5e1782111ac038b077
  Message: 974cfffbbd64c1ae0c4e0dfcc42495adf8e9fcc9
  ServiceBoard: e66663c1ae48d2d0f7feed874e0be3fa20a0bcf7
  ServiceContracts: 385812218d84e91ce39bbf0503527965e5212ae5
  Swinject: 97112918bd7e0785dc2df7036213f3c8cbba6586

PODFILE CHECKSUM: a53c582a5eed177da9d66e852a5f8980bc20466c

COCOAPODS: 1.11.2
