// !$*UTF8*$!
{
	archiveVersion = 1;
	classes = {
	};
	objectVersion = 55;
	objects = {

/* Begin PBXBuildFile section */
		C7F3206BADCA00C51AED89F0 /* Pods_HostApp.framework in Frameworks */ = {isa = PBXBuildFile; fileRef = 3F7CBEEE9EB6C42E9345D059 /* Pods_HostApp.framework */; };
		EE8C9263286BFC2C009F1209 /* DiscoveredServices.swift in Sources */ = {isa = PBXBuildFile; fileRef = EE8C9262286BFC2C009F1209 /* DiscoveredServices.swift */; };
		EEFBE01A2757BF2D00EE1FD3 /* HostAppApp.swift in Sources */ = {isa = PBXBuildFile; fileRef = EEFBE0192757BF2D00EE1FD3 /* HostAppApp.swift */; };
		EEFBE01C2757BF2D00EE1FD3 /* ContentView.swift in Sources */ = {isa = PBXBuildFile; fileRef = EEFBE01B2757BF2D00EE1FD3 /* ContentView.swift */; };
		EEFBE01E2757BF2F00EE1FD3 /* Assets.xcassets in Resources */ = {isa = PBXBuildFile; fileRef = EEFBE01D2757BF2F00EE1FD3 /* Assets.xcassets */; };
		EEFBE0212757BF2F00EE1FD3 /* Preview Assets.xcassets in Resources */ = {isa = PBXBuildFile; fileRef = EEFBE0202757BF2F00EE1FD3 /* Preview Assets.xcassets */; };
		EEFBE03127648B8C00EE1FD3 /* HostAppDelegate.swift in Sources */ = {isa = PBXBuildFile; fileRef = EEFBE03027648B8C00EE1FD3 /* HostAppDelegate.swift */; };
/* End PBXBuildFile section */

/* Begin PBXFileReference section */
		3C9447D2E3124F8E6538744D /* Pods-HostApp.release.xcconfig */ = {isa = PBXFileReference; includeInIndex = 1; lastKnownFileType = text.xcconfig; name = "Pods-HostApp.release.xcconfig"; path = "Target Support Files/Pods-HostApp/Pods-HostApp.release.xcconfig"; sourceTree = "<group>"; };
		3F7CBEEE9EB6C42E9345D059 /* Pods_HostApp.framework */ = {isa = PBXFileReference; explicitFileType = wrapper.framework; includeInIndex = 0; path = Pods_HostApp.framework; sourceTree = BUILT_PRODUCTS_DIR; };
		535518A68C9E9790B483DF7E /* Pods-HostApp.debug.xcconfig */ = {isa = PBXFileReference; includeInIndex = 1; lastKnownFileType = text.xcconfig; name = "Pods-HostApp.debug.xcconfig"; path = "Target Support Files/Pods-HostApp/Pods-HostApp.debug.xcconfig"; sourceTree = "<group>"; };
		EE8C9262286BFC2C009F1209 /* DiscoveredServices.swift */ = {isa = PBXFileReference; lastKnownFileType = sourcecode.swift; path = DiscoveredServices.swift; sourceTree = "<group>"; };
		EEFBE0162757BF2D00EE1FD3 /* HostApp.app */ = {isa = PBXFileReference; explicitFileType = wrapper.application; includeInIndex = 0; path = HostApp.app; sourceTree = BUILT_PRODUCTS_DIR; };
		EEFBE0192757BF2D00EE1FD3 /* HostAppApp.swift */ = {isa = PBXFileReference; lastKnownFileType = sourcecode.swift; path = HostAppApp.swift; sourceTree = "<group>"; };
		EEFBE01B2757BF2D00EE1FD3 /* ContentView.swift */ = {isa = PBXFileReference; lastKnownFileType = sourcecode.swift; path = ContentView.swift; sourceTree = "<group>"; };
		EEFBE01D2757BF2F00EE1FD3 /* Assets.xcassets */ = {isa = PBXFileReference; lastKnownFileType = folder.assetcatalog; path = Assets.xcassets; sourceTree = "<group>"; };
		EEFBE0202757BF2F00EE1FD3 /* Preview Assets.xcassets */ = {isa = PBXFileReference; lastKnownFileType = folder.assetcatalog; path = "Preview Assets.xcassets"; sourceTree = "<group>"; };
		EEFBE03027648B8C00EE1FD3 /* HostAppDelegate.swift */ = {isa = PBXFileReference; fileEncoding = 4; lastKnownFileType = sourcecode.swift; path = HostAppDelegate.swift; sourceTree = "<group>"; };
/* End PBXFileReference section */

/* Begin PBXFrameworksBuildPhase section */
		EEFBE0132757BF2D00EE1FD3 /* Frameworks */ = {
			isa = PBXFrameworksBuildPhase;
			buildActionMask = 2147483647;
			files = (
				C7F3206BADCA00C51AED89F0 /* Pods_HostApp.framework in Frameworks */,
			);
			runOnlyForDeploymentPostprocessing = 0;
		};
/* End PBXFrameworksBuildPhase section */

/* Begin PBXGroup section */
		0F776F93F397E2A2DE945110 /* Pods */ = {
			isa = PBXGroup;
			children = (
				535518A68C9E9790B483DF7E /* Pods-HostApp.debug.xcconfig */,
				3C9447D2E3124F8E6538744D /* Pods-HostApp.release.xcconfig */,
			);
			path = Pods;
			sourceTree = "<group>";
		};
		B10D40F6FF90F700A3851422 /* Frameworks */ = {
			isa = PBXGroup;
			children = (
				3F7CBEEE9EB6C42E9345D059 /* Pods_HostApp.framework */,
			);
			name = Frameworks;
			sourceTree = "<group>";
		};
		EE8C9261286BFC03009F1209 /* __generated__ */ = {
			isa = PBXGroup;
			children = (
				EE8C9262286BFC2C009F1209 /* DiscoveredServices.swift */,
			);
			path = __generated__;
			sourceTree = "<group>";
		};
		EEFBE00D2757BF2D00EE1FD3 = {
			isa = PBXGroup;
			children = (
				EEFBE0182757BF2D00EE1FD3 /* HostApp */,
				EEFBE0172757BF2D00EE1FD3 /* Products */,
				0F776F93F397E2A2DE945110 /* Pods */,
				B10D40F6FF90F700A3851422 /* Frameworks */,
			);
			sourceTree = "<group>";
		};
		EEFBE0172757BF2D00EE1FD3 /* Products */ = {
			isa = PBXGroup;
			children = (
				EEFBE0162757BF2D00EE1FD3 /* HostApp.app */,
			);
			name = Products;
			sourceTree = "<group>";
		};
		EEFBE0182757BF2D00EE1FD3 /* HostApp */ = {
			isa = PBXGroup;
			children = (
				EE8C9261286BFC03009F1209 /* __generated__ */,
				EEFBE03027648B8C00EE1FD3 /* HostAppDelegate.swift */,
				EEFBE0192757BF2D00EE1FD3 /* HostAppApp.swift */,
				EEFBE01B2757BF2D00EE1FD3 /* ContentView.swift */,
				EEFBE01D2757BF2F00EE1FD3 /* Assets.xcassets */,
				EEFBE01F2757BF2F00EE1FD3 /* Preview Content */,
			);
			path = HostApp;
			sourceTree = "<group>";
		};
		EEFBE01F2757BF2F00EE1FD3 /* Preview Content */ = {
			isa = PBXGroup;
			children = (
				EEFBE0202757BF2F00EE1FD3 /* Preview Assets.xcassets */,
			);
			path = "Preview Content";
			sourceTree = "<group>";
		};
/* End PBXGroup section */

/* Begin PBXNativeTarget section */
		EEFBE0152757BF2D00EE1FD3 /* HostApp */ = {
			isa = PBXNativeTarget;
			buildConfigurationList = EEFBE0242757BF2F00EE1FD3 /* Build configuration list for PBXNativeTarget "HostApp" */;
			buildPhases = (
				7557220B4CFC516762CAA0B2 /* [CP] Check Pods Manifest.lock */,
				EED891BE2871911400527515 /* [SB] Discover Services */,
				EEFBE0122757BF2D00EE1FD3 /* Sources */,
				EEFBE0132757BF2D00EE1FD3 /* Frameworks */,
				EEFBE0142757BF2D00EE1FD3 /* Resources */,
				68FD6165FAEC0BC44F09DA34 /* [CP] Embed Pods Frameworks */,
			);
			buildRules = (
			);
			dependencies = (
			);
			name = HostApp;
			productName = HostApp;
			productReference = EEFBE0162757BF2D00EE1FD3 /* HostApp.app */;
			productType = "com.apple.product-type.application";
		};
/* End PBXNativeTarget section */

/* Begin PBXProject section */
		EEFBE00E2757BF2D00EE1FD3 /* Project object */ = {
			isa = PBXProject;
			attributes = {
				BuildIndependentTargetsInParallel = 1;
				LastSwiftUpdateCheck = 1310;
				LastUpgradeCheck = 1310;
				TargetAttributes = {
					EEFBE0152757BF2D00EE1FD3 = {
						CreatedOnToolsVersion = 13.1;
					};
				};
			};
			buildConfigurationList = EEFBE0112757BF2D00EE1FD3 /* Build configuration list for PBXProject "HostApp" */;
			compatibilityVersion = "Xcode 13.0";
			developmentRegion = en;
			hasScannedForEncodings = 0;
			knownRegions = (
				en,
				Base,
			);
			mainGroup = EEFBE00D2757BF2D00EE1FD3;
			productRefGroup = EEFBE0172757BF2D00EE1FD3 /* Products */;
			projectDirPath = "";
			projectRoot = "";
			targets = (
				EEFBE0152757BF2D00EE1FD3 /* HostApp */,
			);
		};
/* End PBXProject section */

/* Begin PBXResourcesBuildPhase section */
		EEFBE0142757BF2D00EE1FD3 /* Resources */ = {
			isa = PBXResourcesBuildPhase;
			buildActionMask = 2147483647;
			files = (
				EEFBE0212757BF2F00EE1FD3 /* Preview Assets.xcassets in Resources */,
				EEFBE01E2757BF2F00EE1FD3 /* Assets.xcassets in Resources */,
			);
			runOnlyForDeploymentPostprocessing = 0;
		};
/* End PBXResourcesBuildPhase section */

/* Begin PBXShellScriptBuildPhase section */
		68FD6165FAEC0BC44F09DA34 /* [CP] Embed Pods Frameworks */ = {
			isa = PBXShellScriptBuildPhase;
			buildActionMask = 2147483647;
			files = (
			);
			inputFileListPaths = (
				"${PODS_ROOT}/Target Support Files/Pods-HostApp/Pods-HostApp-frameworks-${CONFIGURATION}-input-files.xcfilelist",
			);
			name = "[CP] Embed Pods Frameworks";
			outputFileListPaths = (
				"${PODS_ROOT}/Target Support Files/Pods-HostApp/Pods-HostApp-frameworks-${CONFIGURATION}-output-files.xcfilelist",
			);
			runOnlyForDeploymentPostprocessing = 0;
			shellPath = /bin/sh;
			shellScript = "\"${PODS_ROOT}/Target Support Files/Pods-HostApp/Pods-HostApp-frameworks.sh\"\n";
			showEnvVarsInLog = 0;
		};
		7557220B4CFC516762CAA0B2 /* [CP] Check Pods Manifest.lock */ = {
			isa = PBXShellScriptBuildPhase;
			buildActionMask = 2147483647;
			files = (
			);
			inputFileListPaths = (
			);
			inputPaths = (
				"${PODS_PODFILE_DIR_PATH}/Podfile.lock",
				"${PODS_ROOT}/Manifest.lock",
			);
			name = "[CP] Check Pods Manifest.lock";
			outputFileListPaths = (
			);
			outputPaths = (
				"$(DERIVED_FILE_DIR)/Pods-HostApp-checkManifestLockResult.txt",
			);
			runOnlyForDeploymentPostprocessing = 0;
			shellPath = /bin/sh;
			shellScript = "diff \"${PODS_PODFILE_DIR_PATH}/Podfile.lock\" \"${PODS_ROOT}/Manifest.lock\" > /dev/null\nif [ $? != 0 ] ; then\n    # print error to STDERR\n    echo \"error: The sandbox is not in sync with the Podfile.lock. Run 'pod install' or update your CocoaPods installation.\" >&2\n    exit 1\nfi\n# This output is used by Xcode 'outputs' to avoid re-running this script phase.\necho \"SUCCESS\" > \"${SCRIPT_OUTPUT_FILE_0}\"\n";
			showEnvVarsInLog = 0;
		};
		EED891BE2871911400527515 /* [SB] Discover Services */ = {
			isa = PBXShellScriptBuildPhase;
			buildActionMask = 2147483647;
			files = (
			);
			inputFileListPaths = (
			);
			inputPaths = (
			);
			name = "[SB] Discover Services";
			outputFileListPaths = (
			);
			outputPaths = (
			);
			runOnlyForDeploymentPostprocessing = 0;
			shellPath = /bin/sh;
			shellScript = "ruby ${SOURCE_ROOT}/CodeGen.rb --configPath=${SOURCE_ROOT} --template=${SOURCE_ROOT}/Templates/connectServices.stencil --output=${SOURCE_ROOT}/${PROJECT_NAME}/__generated__/DiscoveredServices.swift\n";
		};
/* End PBXShellScriptBuildPhase section */

/* Begin PBXSourcesBuildPhase section */
		EEFBE0122757BF2D00EE1FD3 /* Sources */ = {
			isa = PBXSourcesBuildPhase;
			buildActionMask = 2147483647;
			files = (
				EEFBE03127648B8C00EE1FD3 /* HostAppDelegate.swift in Sources */,
				EEFBE01C2757BF2D00EE1FD3 /* ContentView.swift in Sources */,
				EEFBE01A2757BF2D00EE1FD3 /* HostAppApp.swift in Sources */,
				EE8C9263286BFC2C009F1209 /* DiscoveredServices.swift in Sources */,
			);
			runOnlyForDeploymentPostprocessing = 0;
		};
/* End PBXSourcesBuildPhase section */

/* Begin XCBuildConfiguration section */
		EEFBE0222757BF2F00EE1FD3 /* Debug */ = {
			isa = XCBuildConfiguration;
			buildSettings = {
				ALWAYS_SEARCH_USER_PATHS = NO;
				CLANG_ANALYZER_NONNULL = YES;
				CLANG_ANALYZER_NUMBER_OBJECT_CONVERSION = YES_AGGRESSIVE;
				CLANG_CXX_LANGUAGE_STANDARD = "gnu++17";
				CLANG_CXX_LIBRARY = "libc++";
				CLANG_ENABLE_MODULES = YES;
				CLANG_ENABLE_OBJC_ARC = YES;
				CLANG_ENABLE_OBJC_WEAK = YES;
				CLANG_WARN_BLOCK_CAPTURE_AUTORELEASING = YES;
				CLANG_WARN_BOOL_CONVERSION = YES;
				CLANG_WARN_COMMA = YES;
				CLANG_WARN_CONSTANT_CONVERSION = YES;
				CLANG_WARN_DEPRECATED_OBJC_IMPLEMENTATIONS = YES;
				CLANG_WARN_DIRECT_OBJC_ISA_USAGE = YES_ERROR;
				CLANG_WARN_DOCUMENTATION_COMMENTS = YES;
				CLANG_WARN_EMPTY_BODY = YES;
				CLANG_WARN_ENUM_CONVERSION = YES;
				CLANG_WARN_INFINITE_RECURSION = YES;
				CLANG_WARN_INT_CONVERSION = YES;
				CLANG_WARN_NON_LITERAL_NULL_CONVERSION = YES;
				CLANG_WARN_OBJC_IMPLICIT_RETAIN_SELF = YES;
				CLANG_WARN_OBJC_LITERAL_CONVERSION = YES;
				CLANG_WARN_OBJC_ROOT_CLASS = YES_ERROR;
				CLANG_WARN_QUOTED_INCLUDE_IN_FRAMEWORK_HEADER = YES;
				CLANG_WARN_RANGE_LOOP_ANALYSIS = YES;
				CLANG_WARN_STRICT_PROTOTYPES = YES;
				CLANG_WARN_SUSPICIOUS_MOVE = YES;
				CLANG_WARN_UNGUARDED_AVAILABILITY = YES_AGGRESSIVE;
				CLANG_WARN_UNREACHABLE_CODE = YES;
				CLANG_WARN__DUPLICATE_METHOD_MATCH = YES;
				COPY_PHASE_STRIP = NO;
				DEBUG_INFORMATION_FORMAT = dwarf;
				ENABLE_STRICT_OBJC_MSGSEND = YES;
				ENABLE_TESTABILITY = YES;
				GCC_C_LANGUAGE_STANDARD = gnu11;
				GCC_DYNAMIC_NO_PIC = NO;
				GCC_NO_COMMON_BLOCKS = YES;
				GCC_OPTIMIZATION_LEVEL = 0;
				GCC_PREPROCESSOR_DEFINITIONS = (
					"DEBUG=1",
					"$(inherited)",
				);
				GCC_WARN_64_TO_32_BIT_CONVERSION = YES;
				GCC_WARN_ABOUT_RETURN_TYPE = YES_ERROR;
				GCC_WARN_UNDECLARED_SELECTOR = YES;
				GCC_WARN_UNINITIALIZED_AUTOS = YES_AGGRESSIVE;
				GCC_WARN_UNUSED_FUNCTION = YES;
				GCC_WARN_UNUSED_VARIABLE = YES;
				IPHONEOS_DEPLOYMENT_TARGET = 15.0;
				MTL_ENABLE_DEBUG_INFO = INCLUDE_SOURCE;
				MTL_FAST_MATH = YES;
				ONLY_ACTIVE_ARCH = YES;
				SDKROOT = iphoneos;
				SWIFT_ACTIVE_COMPILATION_CONDITIONS = DEBUG;
				SWIFT_OPTIMIZATION_LEVEL = "-Onone";
			};
			name = Debug;
		};
		EEFBE0232757BF2F00EE1FD3 /* Release */ = {
			isa = XCBuildConfiguration;
			buildSettings = {
				ALWAYS_SEARCH_USER_PATHS = NO;
				CLANG_ANALYZER_NONNULL = YES;
				CLANG_ANALYZER_NUMBER_OBJECT_CONVERSION = YES_AGGRESSIVE;
				CLANG_CXX_LANGUAGE_STANDARD = "gnu++17";
				CLANG_CXX_LIBRARY = "libc++";
				CLANG_ENABLE_MODULES = YES;
				CLANG_ENABLE_OBJC_ARC = YES;
				CLANG_ENABLE_OBJC_WEAK = YES;
				CLANG_WARN_BLOCK_CAPTURE_AUTORELEASING = YES;
				CLANG_WARN_BOOL_CONVERSION = YES;
				CLANG_WARN_COMMA = YES;
				CLANG_WARN_CONSTANT_CONVERSION = YES;
				CLANG_WARN_DEPRECATED_OBJC_IMPLEMENTATIONS = YES;
				CLANG_WARN_DIRECT_OBJC_ISA_USAGE = YES_ERROR;
				CLANG_WARN_DOCUMENTATION_COMMENTS = YES;
				CLANG_WARN_EMPTY_BODY = YES;
				CLANG_WARN_ENUM_CONVERSION = YES;
				CLANG_WARN_INFINITE_RECURSION = YES;
				CLANG_WARN_INT_CONVERSION = YES;
				CLANG_WARN_NON_LITERAL_NULL_CONVERSION = YES;
				CLANG_WARN_OBJC_IMPLICIT_RETAIN_SELF = YES;
				CLANG_WARN_OBJC_LITERAL_CONVERSION = YES;
				CLANG_WARN_OBJC_ROOT_CLASS = YES_ERROR;
				CLANG_WARN_QUOTED_INCLUDE_IN_FRAMEWORK_HEADER = YES;
				CLANG_WARN_RANGE_LOOP_ANALYSIS = YES;
				CLANG_WARN_STRICT_PROTOTYPES = YES;
				CLANG_WARN_SUSPICIOUS_MOVE = YES;
				CLANG_WARN_UNGUARDED_AVAILABILITY = YES_AGGRESSIVE;
				CLANG_WARN_UNREACHABLE_CODE = YES;
				CLANG_WARN__DUPLICATE_METHOD_MATCH = YES;
				COPY_PHASE_STRIP = NO;
				DEBUG_INFORMATION_FORMAT = "dwarf-with-dsym";
				ENABLE_NS_ASSERTIONS = NO;
				ENABLE_STRICT_OBJC_MSGSEND = YES;
				GCC_C_LANGUAGE_STANDARD = gnu11;
				GCC_NO_COMMON_BLOCKS = YES;
				GCC_WARN_64_TO_32_BIT_CONVERSION = YES;
				GCC_WARN_ABOUT_RETURN_TYPE = YES_ERROR;
				GCC_WARN_UNDECLARED_SELECTOR = YES;
				GCC_WARN_UNINITIALIZED_AUTOS = YES_AGGRESSIVE;
				GCC_WARN_UNUSED_FUNCTION = YES;
				GCC_WARN_UNUSED_VARIABLE = YES;
				IPHONEOS_DEPLOYMENT_TARGET = 15.0;
				MTL_ENABLE_DEBUG_INFO = NO;
				MTL_FAST_MATH = YES;
				SDKROOT = iphoneos;
				SWIFT_COMPILATION_MODE = wholemodule;
				SWIFT_OPTIMIZATION_LEVEL = "-O";
				VALIDATE_PRODUCT = YES;
			};
			name = Release;
		};
		EEFBE0252757BF2F00EE1FD3 /* Debug */ = {
			isa = XCBuildConfiguration;
			baseConfigurationReference = 535518A68C9E9790B483DF7E /* Pods-HostApp.debug.xcconfig */;
			buildSettings = {
				ASSETCATALOG_COMPILER_APPICON_NAME = AppIcon;
				ASSETCATALOG_COMPILER_GLOBAL_ACCENT_COLOR_NAME = AccentColor;
				CODE_SIGN_STYLE = Automatic;
				CURRENT_PROJECT_VERSION = 1;
				DEVELOPMENT_ASSET_PATHS = "\"HostApp/Preview Content\"";
				ENABLE_PREVIEWS = YES;
				GENERATE_INFOPLIST_FILE = YES;
				INFOPLIST_KEY_UIApplicationSceneManifest_Generation = YES;
				INFOPLIST_KEY_UIApplicationSupportsIndirectInputEvents = YES;
				INFOPLIST_KEY_UILaunchScreen_Generation = YES;
				INFOPLIST_KEY_UISupportedInterfaceOrientations_iPad = "UIInterfaceOrientationPortrait UIInterfaceOrientationPortraitUpsideDown UIInterfaceOrientationLandscapeLeft UIInterfaceOrientationLandscapeRight";
				INFOPLIST_KEY_UISupportedInterfaceOrientations_iPhone = "UIInterfaceOrientationPortrait UIInterfaceOrientationLandscapeLeft UIInterfaceOrientationLandscapeRight";
				LD_RUNPATH_SEARCH_PATHS = (
					"$(inherited)",
					"@executable_path/Frameworks",
				);
				MARKETING_VERSION = 1.0;
				PRODUCT_BUNDLE_IDENTIFIER = com.recoil.swift.HostApp;
				PRODUCT_NAME = "$(TARGET_NAME)";
				SWIFT_EMIT_LOC_STRINGS = YES;
				SWIFT_VERSION = 5.0;
				TARGETED_DEVICE_FAMILY = "1,2";
			};
			name = Debug;
		};
		EEFBE0262757BF2F00EE1FD3 /* Release */ = {
			isa = XCBuildConfiguration;
			baseConfigurationReference = 3C9447D2E3124F8E6538744D /* Pods-HostApp.release.xcconfig */;
			buildSettings = {
				ASSETCATALOG_COMPILER_APPICON_NAME = AppIcon;
				ASSETCATALOG_COMPILER_GLOBAL_ACCENT_COLOR_NAME = AccentColor;
				CODE_SIGN_STYLE = Automatic;
				CURRENT_PROJECT_VERSION = 1;
				DEVELOPMENT_ASSET_PATHS = "\"HostApp/Preview Content\"";
				ENABLE_PREVIEWS = YES;
				GENERATE_INFOPLIST_FILE = YES;
				INFOPLIST_KEY_UIApplicationSceneManifest_Generation = YES;
				INFOPLIST_KEY_UIApplicationSupportsIndirectInputEvents = YES;
				INFOPLIST_KEY_UILaunchScreen_Generation = YES;
				INFOPLIST_KEY_UISupportedInterfaceOrientations_iPad = "UIInterfaceOrientationPortrait UIInterfaceOrientationPortraitUpsideDown UIInterfaceOrientationLandscapeLeft UIInterfaceOrientationLandscapeRight";
				INFOPLIST_KEY_UISupportedInterfaceOrientations_iPhone = "UIInterfaceOrientationPortrait UIInterfaceOrientationLandscapeLeft UIInterfaceOrientationLandscapeRight";
				LD_RUNPATH_SEARCH_PATHS = (
					"$(inherited)",
					"@executable_path/Frameworks",
				);
				MARKETING_VERSION = 1.0;
				PRODUCT_BUNDLE_IDENTIFIER = com.recoil.swift.HostApp;
				PRODUCT_NAME = "$(TARGET_NAME)";
				SWIFT_EMIT_LOC_STRINGS = YES;
				SWIFT_VERSION = 5.0;
				TARGETED_DEVICE_FAMILY = "1,2";
			};
			name = Release;
		};
/* End XCBuildConfiguration section */

/* Begin XCConfigurationList section */
		EEFBE0112757BF2D00EE1FD3 /* Build configuration list for PBXProject "HostApp" */ = {
			isa = XCConfigurationList;
			buildConfigurations = (
				EEFBE0222757BF2F00EE1FD3 /* Debug */,
				EEFBE0232757BF2F00EE1FD3 /* Release */,
			);
			defaultConfigurationIsVisible = 0;
			defaultConfigurationName = Release;
		};
		EEFBE0242757BF2F00EE1FD3 /* Build configuration list for PBXNativeTarget "HostApp" */ = {
			isa = XCConfigurationList;
			buildConfigurations = (
				EEFBE0252757BF2F00EE1FD3 /* Debug */,
				EEFBE0262757BF2F00EE1FD3 /* Release */,
			);
			defaultConfigurationIsVisible = 0;
			defaultConfigurationName = Release;
		};
/* End XCConfigurationList section */
	};
	rootObject = EEFBE00E2757BF2D00EE1FD3 /* Project object */;
}
